{
  "name": "ehr",
  "version": "1.0.0",
  "lockfileVersion": 1,
  "requires": true,
  "dependencies": {
    "dayspan": {
      "version": "0.12.5",
      "resolved": "https://registry.npmjs.org/dayspan/-/dayspan-0.12.5.tgz",
      "integrity": "sha512-/IkvULBqTRJjUnmKcu3nAGpo04mIszC+ua1ItZadNRxfMKzplmxEljHytOpHdOyl6GF3V7de8oxgep7emeivNA=="
    },
    "dayspan-vuetify": {
      "version": "0.4.0",
      "resolved": "https://registry.npmjs.org/dayspan-vuetify/-/dayspan-vuetify-0.4.0.tgz",
      "integrity": "sha512-YoCFu1hZsvklDQXm8IBRvY00v/B06F/h6yS0k4GALEqrzlqY0EKF4UUdjlr5xMRoKuw7NTA//4V4twOQ8H3D/A==",
      "requires": {
        "dayspan": "^0.12.2",
        "material-design-icons-iconfont": "^3.0.3",
        "vue": "^2.3.3",
        "vuetify": "^1.3.9"
      }
    },
    "material-design-icons-iconfont": {
      "version": "3.0.3",
      "resolved": "https://registry.npmjs.org/material-design-icons-iconfont/-/material-design-icons-iconfont-3.0.3.tgz",
      "integrity": "sha1-FUoQhAR9Ticjf6f1o34Qdc7qbfI="
    },
    "moment": {
      "version": "2.29.4",
      "resolved": "https://registry.npmjs.org/moment/-/moment-2.29.4.tgz",
      "integrity": "sha512-5LC9SOxjSc2HF6vO2CyuTDNivEdoz2IvyJJGj6X8DJ0eFyfszE0QiEd+iXmBvUP3WHxSjFH/vIsA0EN00cgr8w=="
    },
    "vue": {
      "version": "2.6.10",
      "resolved": "https://registry.npmjs.org/vue/-/vue-2.6.10.tgz",
      "integrity": "sha512-ImThpeNU9HbdZL3utgMCq0oiMzAkt1mcgy3/E6zWC/G6AaQoeuFdsl9nDhTDU3X1R6FK7nsIUuRACVcjI+A2GQ=="
    },
    "vuetify": {
      "version": "1.5.21",
      "resolved": "https://registry.npmjs.org/vuetify/-/vuetify-1.5.21.tgz",
      "integrity": "sha512-x0F2mNoWMXVA2ntrmvfjJFU2elaq2WK1tD9wOBu447xUHdZqswziFD82pNtmWRy3TjEXsLj/ZNO8e5dZig+Iqg=="
    }
  }
}
